// !$*UTF8*$!
{
	archiveVersion = 1;
	classes = {
	};
	objectVersion = 56;
	objects = {

/* Begin PBXBuildFile section */
		C3D955132AE0C80C0000E766 /* swiftui_9App.swift in Sources */ = {isa = PBXBuildFile; fileRef = C3D955122AE0C80C0000E766 /* swiftui_9App.swift */; };
		C3D955152AE0C80C0000E766 /* ContentView.swift in Sources */ = {isa = PBXBuildFile; fileRef = C3D955142AE0C80C0000E766 /* ContentView.swift */; };
		C3D955172AE0C80D0000E766 /* Assets.xcassets in Resources */ = {isa = PBXBuildFile; fileRef = C3D955162AE0C80D0000E766 /* Assets.xcassets */; };
		C3D9551A2AE0C80D0000E766 /* Preview Assets.xcassets in Resources */ = {isa = PBXBuildFile; fileRef = C3D955192AE0C80D0000E766 /* Preview Assets.xcassets */; };
		C3D955242AE0C80D0000E766 /* swiftui_9Tests.swift in Sources */ = {isa = PBXBuildFile; fileRef = C3D955232AE0C80D0000E766 /* swiftui_9Tests.swift */; };
		C3D9552E2AE0C80D0000E766 /* swiftui_9UITests.swift in Sources */ = {isa = PBXBuildFile; fileRef = C3D9552D2AE0C80D0000E766 /* swiftui_9UITests.swift */; };
		C3D955302AE0C80D0000E766 /* swiftui_9UITestsLaunchTests.swift in Sources */ = {isa = PBXBuildFile; fileRef = C3D9552F2AE0C80D0000E766 /* swiftui_9UITestsLaunchTests.swift */; };
/* End PBXBuildFile section */

/* Begin PBXContainerItemProxy section */
		C3D955202AE0C80D0000E766 /* PBXContainerItemProxy */ = {
			isa = PBXContainerItemProxy;
			containerPortal = C3D955072AE0C80C0000E766 /* Project object */;
			proxyType = 1;
			remoteGlobalIDString = C3D9550E2AE0C80C0000E766;
			remoteInfo = "swiftui-9";
		};
		C3D9552A2AE0C80D0000E766 /* PBXContainerItemProxy */ = {
			isa = PBXContainerItemProxy;
			containerPortal = C3D955072AE0C80C0000E766 /* Project object */;
			proxyType = 1;
			remoteGlobalIDString = C3D9550E2AE0C80C0000E766;
			remoteInfo = "swiftui-9";
		};
/* End PBXContainerItemProxy section */

/* Begin PBXFileReference section */
		C3D9550F2AE0C80C0000E766 /* swiftui-9.app */ = {isa = PBXFileReference; explicitFileType = wrapper.application; includeInIndex = 0; path = "swiftui-9.app"; sourceTree = BUILT_PRODUCTS_DIR; };
		C3D955122AE0C80C0000E766 /* swiftui_9App.swift */ = {isa = PBXFileReference; lastKnownFileType = sourcecode.swift; path = swiftui_9App.swift; sourceTree = "<group>"; };
		C3D955142AE0C80C0000E766 /* ContentView.swift */ = {isa = PBXFileReference; lastKnownFileType = sourcecode.swift; path = ContentView.swift; sourceTree = "<group>"; };
		C3D955162AE0C80D0000E766 /* Assets.xcassets */ = {isa = PBXFileReference; lastKnownFileType = folder.assetcatalog; path = Assets.xcassets; sourceTree = "<group>"; };
		C3D955192AE0C80D0000E766 /* Preview Assets.xcassets */ = {isa = PBXFileReference; lastKnownFileType = folder.assetcatalog; path = "Preview Assets.xcassets"; sourceTree = "<group>"; };
		C3D9551F2AE0C80D0000E766 /* swiftui-9Tests.xctest */ = {isa = PBXFileReference; explicitFileType = wrapper.cfbundle; includeInIndex = 0; path = "swiftui-9Tests.xctest"; sourceTree = BUILT_PRODUCTS_DIR; };
		C3D955232AE0C80D0000E766 /* swiftui_9Tests.swift */ = {isa = PBXFileReference; lastKnownFileType = sourcecode.swift; path = swiftui_9Tests.swift; sourceTree = "<group>"; };
		C3D955292AE0C80D0000E766 /* swiftui-9UITests.xctest */ = {isa = PBXFileReference; explicitFileType = wrapper.cfbundle; includeInIndex = 0; path = "swiftui-9UITests.xctest"; sourceTree = BUILT_PRODUCTS_DIR; };
		C3D9552D2AE0C80D0000E766 /* swiftui_9UITests.swift */ = {isa = PBXFileReference; lastKnownFileType = sourcecode.swift; path = swiftui_9UITests.swift; sourceTree = "<group>"; };
		C3D9552F2AE0C80D0000E766 /* swiftui_9UITestsLaunchTests.swift */ = {isa = PBXFileReference; lastKnownFileType = sourcecode.swift; path = swiftui_9UITestsLaunchTests.swift; sourceTree = "<group>"; };
/* End PBXFileReference section */

/* Begin PBXFrameworksBuildPhase section */
		C3D9550C2AE0C80C0000E766 /* Frameworks */ = {
			isa = PBXFrameworksBuildPhase;
			buildActionMask = 2147483647;
			files = (
			);
			runOnlyForDeploymentPostprocessing = 0;
		};
		C3D9551C2AE0C80D0000E766 /* Frameworks */ = {
			isa = PBXFrameworksBuildPhase;
			buildActionMask = 2147483647;
			files = (
			);
			runOnlyForDeploymentPostprocessing = 0;
		};
		C3D955262AE0C80D0000E766 /* Frameworks */ = {
			isa = PBXFrameworksBuildPhase;
			buildActionMask = 2147483647;
			files = (
			);
			runOnlyForDeploymentPostprocessing = 0;
		};
/* End PBXFrameworksBuildPhase section */

/* Begin PBXGroup section */
		C3D955062AE0C80C0000E766 = {
			isa = PBXGroup;
			children = (
				C3D955112AE0C80C0000E766 /* swiftui-9 */,
				C3D955222AE0C80D0000E766 /* swiftui-9Tests */,
				C3D9552C2AE0C80D0000E766 /* swiftui-9UITests */,
				C3D955102AE0C80C0000E766 /* Products */,
			);
			sourceTree = "<group>";
		};
		C3D955102AE0C80C0000E766 /* Products */ = {
			isa = PBXGroup;
			children = (
				C3D9550F2AE0C80C0000E766 /* swiftui-9.app */,
				C3D9551F2AE0C80D0000E766 /* swiftui-9Tests.xctest */,
				C3D955292AE0C80D0000E766 /* swiftui-9UITests.xctest */,
			);
			name = Products;
			sourceTree = "<group>";
		};
		C3D955112AE0C80C0000E766 /* swiftui-9 */ = {
			isa = PBXGroup;
			children = (
				C3D955122AE0C80C0000E766 /* swiftui_9App.swift */,
				C3D955142AE0C80C0000E766 /* ContentView.swift */,
				C3D955162AE0C80D0000E766 /* Assets.xcassets */,
				C3D955182AE0C80D0000E766 /* Preview Content */,
			);
			path = "swiftui-9";
			sourceTree = "<group>";
		};
		C3D955182AE0C80D0000E766 /* Preview Content */ = {
			isa = PBXGroup;
			children = (
				C3D955192AE0C80D0000E766 /* Preview Assets.xcassets */,
			);
			path = "Preview Content";
			sourceTree = "<group>";
		};
		C3D955222AE0C80D0000E766 /* swiftui-9Tests */ = {
			isa = PBXGroup;
			children = (
				C3D955232AE0C80D0000E766 /* swiftui_9Tests.swift */,
			);
			path = "swiftui-9Tests";
			sourceTree = "<group>";
		};
		C3D9552C2AE0C80D0000E766 /* swiftui-9UITests */ = {
			isa = PBXGroup;
			children = (
				C3D9552D2AE0C80D0000E766 /* swiftui_9UITests.swift */,
				C3D9552F2AE0C80D0000E766 /* swiftui_9UITestsLaunchTests.swift */,
			);
			path = "swiftui-9UITests";
			sourceTree = "<group>";
		};
/* End PBXGroup section */

/* Begin PBXNativeTarget section */
		C3D9550E2AE0C80C0000E766 /* swiftui-9 */ = {
			isa = PBXNativeTarget;
			buildConfigurationList = C3D955332AE0C80D0000E766 /* Build configuration list for PBXNativeTarget "swiftui-9" */;
			buildPhases = (
				C3D9550B2AE0C80C0000E766 /* Sources */,
				C3D9550C2AE0C80C0000E766 /* Frameworks */,
				C3D9550D2AE0C80C0000E766 /* Resources */,
			);
			buildRules = (
			);
			dependencies = (
			);
			name = "swiftui-9";
			productName = "swiftui-9";
			productReference = C3D9550F2AE0C80C0000E766 /* swiftui-9.app */;
			productType = "com.apple.product-type.application";
		};
		C3D9551E2AE0C80D0000E766 /* swiftui-9Tests */ = {
			isa = PBXNativeTarget;
			buildConfigurationList = C3D955362AE0C80D0000E766 /* Build configuration list for PBXNativeTarget "swiftui-9Tests" */;
			buildPhases = (
				C3D9551B2AE0C80D0000E766 /* Sources */,
				C3D9551C2AE0C80D0000E766 /* Frameworks */,
				C3D9551D2AE0C80D0000E766 /* Resources */,
			);
			buildRules = (
			);
			dependencies = (
				C3D955212AE0C80D0000E766 /* PBXTargetDependency */,
			);
			name = "swiftui-9Tests";
			productName = "swiftui-9Tests";
			productReference = C3D9551F2AE0C80D0000E766 /* swiftui-9Tests.xctest */;
			productType = "com.apple.product-type.bundle.unit-test";
		};
		C3D955282AE0C80D0000E766 /* swiftui-9UITests */ = {
			isa = PBXNativeTarget;
			buildConfigurationList = C3D955392AE0C80D0000E766 /* Build configuration list for PBXNativeTarget "swiftui-9UITests" */;
			buildPhases = (
				C3D955252AE0C80D0000E766 /* Sources */,
				C3D955262AE0C80D0000E766 /* Frameworks */,
				C3D955272AE0C80D0000E766 /* Resources */,
			);
			buildRules = (
			);
			dependencies = (
				C3D9552B2AE0C80D0000E766 /* PBXTargetDependency */,
			);
			name = "swiftui-9UITests";
			productName = "swiftui-9UITests";
			productReference = C3D955292AE0C80D0000E766 /* swiftui-9UITests.xctest */;
			productType = "com.apple.product-type.bundle.ui-testing";
		};
/* End PBXNativeTarget section */

/* Begin PBXProject section */
		C3D955072AE0C80C0000E766 /* Project object */ = {
			isa = PBXProject;
			attributes = {
				BuildIndependentTargetsInParallel = 1;
				LastSwiftUpdateCheck = 1500;
				LastUpgradeCheck = 1500;
				TargetAttributes = {
					C3D9550E2AE0C80C0000E766 = {
						CreatedOnToolsVersion = 15.0;
					};
					C3D9551E2AE0C80D0000E766 = {
						CreatedOnToolsVersion = 15.0;
						TestTargetID = C3D9550E2AE0C80C0000E766;
					};
					C3D955282AE0C80D0000E766 = {
						CreatedOnToolsVersion = 15.0;
						TestTargetID = C3D9550E2AE0C80C0000E766;
					};
				};
			};
			buildConfigurationList = C3D9550A2AE0C80C0000E766 /* Build configuration list for PBXProject "swiftui-9" */;
			compatibilityVersion = "Xcode 14.0";
			developmentRegion = en;
			hasScannedForEncodings = 0;
			knownRegions = (
				en,
				Base,
			);
			mainGroup = C3D955062AE0C80C0000E766;
			productRefGroup = C3D955102AE0C80C0000E766 /* Products */;
			projectDirPath = "";
			projectRoot = "";
			targets = (
				C3D9550E2AE0C80C0000E766 /* swiftui-9 */,
				C3D9551E2AE0C80D0000E766 /* swiftui-9Tests */,
				C3D955282AE0C80D0000E766 /* swiftui-9UITests */,
			);
		};
/* End PBXProject section */

/* Begin PBXResourcesBuildPhase section */
		C3D9550D2AE0C80C0000E766 /* Resources */ = {
			isa = PBXResourcesBuildPhase;
			buildActionMask = 2147483647;
			files = (
				C3D9551A2AE0C80D0000E766 /* Preview Assets.xcassets in Resources */,
				C3D955172AE0C80D0000E766 /* Assets.xcassets in Resources */,
			);
			runOnlyForDeploymentPostprocessing = 0;
		};
		C3D9551D2AE0C80D0000E766 /* Resources */ = {
			isa = PBXResourcesBuildPhase;
			buildActionMask = 2147483647;
			files = (
			);
			runOnlyForDeploymentPostprocessing = 0;
		};
		C3D955272AE0C80D0000E766 /* Resources */ = {
			isa = PBXResourcesBuildPhase;
			buildActionMask = 2147483647;
			files = (
			);
			runOnlyForDeploymentPostprocessing = 0;
		};
/* End PBXResourcesBuildPhase section */

/* Begin PBXSourcesBuildPhase section */
		C3D9550B2AE0C80C0000E766 /* Sources */ = {
			isa = PBXSourcesBuildPhase;
			buildActionMask = 2147483647;
			files = (
				C3D955152AE0C80C0000E766 /* ContentView.swift in Sources */,
				C3D955132AE0C80C0000E766 /* swiftui_9App.swift in Sources */,
			);
			runOnlyForDeploymentPostprocessing = 0;
		};
		C3D9551B2AE0C80D0000E766 /* Sources */ = {
			isa = PBXSourcesBuildPhase;
			buildActionMask = 2147483647;
			files = (
				C3D955242AE0C80D0000E766 /* swiftui_9Tests.swift in Sources */,
			);
			runOnlyForDeploymentPostprocessing = 0;
		};
		C3D955252AE0C80D0000E766 /* Sources */ = {
			isa = PBXSourcesBuildPhase;
			buildActionMask = 2147483647;
			files = (
				C3D955302AE0C80D0000E766 /* swiftui_9UITestsLaunchTests.swift in Sources */,
				C3D9552E2AE0C80D0000E766 /* swiftui_9UITests.swift in Sources */,
			);
			runOnlyForDeploymentPostprocessing = 0;
		};
/* End PBXSourcesBuildPhase section */

/* Begin PBXTargetDependency section */
		C3D955212AE0C80D0000E766 /* PBXTargetDependency */ = {
			isa = PBXTargetDependency;
			target = C3D9550E2AE0C80C0000E766 /* swiftui-9 */;
			targetProxy = C3D955202AE0C80D0000E766 /* PBXContainerItemProxy */;
		};
		C3D9552B2AE0C80D0000E766 /* PBXTargetDependency */ = {
			isa = PBXTargetDependency;
			target = C3D9550E2AE0C80C0000E766 /* swiftui-9 */;
			targetProxy = C3D9552A2AE0C80D0000E766 /* PBXContainerItemProxy */;
		};
/* End PBXTargetDependency section */

/* Begin XCBuildConfiguration section */
		C3D955312AE0C80D0000E766 /* Debug */ = {
			isa = XCBuildConfiguration;
			buildSettings = {
				ALWAYS_SEARCH_USER_PATHS = NO;
				ASSETCATALOG_COMPILER_GENERATE_SWIFT_ASSET_SYMBOL_EXTENSIONS = YES;
				CLANG_ANALYZER_NONNULL = YES;
				CLANG_ANALYZER_NUMBER_OBJECT_CONVERSION = YES_AGGRESSIVE;
				CLANG_CXX_LANGUAGE_STANDARD = "gnu++20";
				CLANG_ENABLE_MODULES = YES;
				CLANG_ENABLE_OBJC_ARC = YES;
				CLANG_ENABLE_OBJC_WEAK = YES;
				CLANG_WARN_BLOCK_CAPTURE_AUTORELEASING = YES;
				CLANG_WARN_BOOL_CONVERSION = YES;
				CLANG_WARN_COMMA = YES;
				CLANG_WARN_CONSTANT_CONVERSION = YES;
				CLANG_WARN_DEPRECATED_OBJC_IMPLEMENTATIONS = YES;
				CLANG_WARN_DIRECT_OBJC_ISA_USAGE = YES_ERROR;
				CLANG_WARN_DOCUMENTATION_COMMENTS = YES;
				CLANG_WARN_EMPTY_BODY = YES;
				CLANG_WARN_ENUM_CONVERSION = YES;
				CLANG_WARN_INFINITE_RECURSION = YES;
				CLANG_WARN_INT_CONVERSION = YES;
				CLANG_WARN_NON_LITERAL_NULL_CONVERSION = YES;
				CLANG_WARN_OBJC_IMPLICIT_RETAIN_SELF = YES;
				CLANG_WARN_OBJC_LITERAL_CONVERSION = YES;
				CLANG_WARN_OBJC_ROOT_CLASS = YES_ERROR;
				CLANG_WARN_QUOTED_INCLUDE_IN_FRAMEWORK_HEADER = YES;
				CLANG_WARN_RANGE_LOOP_ANALYSIS = YES;
				CLANG_WARN_STRICT_PROTOTYPES = YES;
				CLANG_WARN_SUSPICIOUS_MOVE = YES;
				CLANG_WARN_UNGUARDED_AVAILABILITY = YES_AGGRESSIVE;
				CLANG_WARN_UNREACHABLE_CODE = YES;
				CLANG_WARN__DUPLICATE_METHOD_MATCH = YES;
				COPY_PHASE_STRIP = NO;
				DEBUG_INFORMATION_FORMAT = dwarf;
				ENABLE_STRICT_OBJC_MSGSEND = YES;
				ENABLE_TESTABILITY = YES;
				ENABLE_USER_SCRIPT_SANDBOXING = YES;
				GCC_C_LANGUAGE_STANDARD = gnu17;
				GCC_DYNAMIC_NO_PIC = NO;
				GCC_NO_COMMON_BLOCKS = YES;
				GCC_OPTIMIZATION_LEVEL = 0;
				GCC_PREPROCESSOR_DEFINITIONS = (
					"DEBUG=1",
					"$(inherited)",
				);
				GCC_WARN_64_TO_32_BIT_CONVERSION = YES;
				GCC_WARN_ABOUT_RETURN_TYPE = YES_ERROR;
				GCC_WARN_UNDECLARED_SELECTOR = YES;
				GCC_WARN_UNINITIALIZED_AUTOS = YES_AGGRESSIVE;
				GCC_WARN_UNUSED_FUNCTION = YES;
				GCC_WARN_UNUSED_VARIABLE = YES;
				IPHONEOS_DEPLOYMENT_TARGET = 17.0;
				LOCALIZATION_PREFERS_STRING_CATALOGS = YES;
				MTL_ENABLE_DEBUG_INFO = INCLUDE_SOURCE;
				MTL_FAST_MATH = YES;
				ONLY_ACTIVE_ARCH = YES;
				SDKROOT = iphoneos;
				SWIFT_ACTIVE_COMPILATION_CONDITIONS = "DEBUG $(inherited)";
				SWIFT_OPTIMIZATION_LEVEL = "-Onone";
			};
			name = Debug;
		};
		C3D955322AE0C80D0000E766 /* Release */ = {
			isa = XCBuildConfiguration;
			buildSettings = {
				ALWAYS_SEARCH_USER_PATHS = NO;
				ASSETCATALOG_COMPILER_GENERATE_SWIFT_ASSET_SYMBOL_EXTENSIONS = YES;
				CLANG_ANALYZER_NONNULL = YES;
				CLANG_ANALYZER_NUMBER_OBJECT_CONVERSION = YES_AGGRESSIVE;
				CLANG_CXX_LANGUAGE_STANDARD = "gnu++20";
				CLANG_ENABLE_MODULES = YES;
				CLANG_ENABLE_OBJC_ARC = YES;
				CLANG_ENABLE_OBJC_WEAK = YES;
				CLANG_WARN_BLOCK_CAPTURE_AUTORELEASING = YES;
				CLANG_WARN_BOOL_CONVERSION = YES;
				CLANG_WARN_COMMA = YES;
				CLANG_WARN_CONSTANT_CONVERSION = YES;
				CLANG_WARN_DEPRECATED_OBJC_IMPLEMENTATIONS = YES;
				CLANG_WARN_DIRECT_OBJC_ISA_USAGE = YES_ERROR;
				CLANG_WARN_DOCUMENTATION_COMMENTS = YES;
				CLANG_WARN_EMPTY_BODY = YES;
				CLANG_WARN_ENUM_CONVERSION = YES;
				CLANG_WARN_INFINITE_RECURSION = YES;
				CLANG_WARN_INT_CONVERSION = YES;
				CLANG_WARN_NON_LITERAL_NULL_CONVERSION = YES;
				CLANG_WARN_OBJC_IMPLICIT_RETAIN_SELF = YES;
				CLANG_WARN_OBJC_LITERAL_CONVERSION = YES;
				CLANG_WARN_OBJC_ROOT_CLASS = YES_ERROR;
				CLANG_WARN_QUOTED_INCLUDE_IN_FRAMEWORK_HEADER = YES;
				CLANG_WARN_RANGE_LOOP_ANALYSIS = YES;
				CLANG_WARN_STRICT_PROTOTYPES = YES;
				CLANG_WARN_SUSPICIOUS_MOVE = YES;
				CLANG_WARN_UNGUARDED_AVAILABILITY = YES_AGGRESSIVE;
				CLANG_WARN_UNREACHABLE_CODE = YES;
				CLANG_WARN__DUPLICATE_METHOD_MATCH = YES;
				COPY_PHASE_STRIP = NO;
				DEBUG_INFORMATION_FORMAT = "dwarf-with-dsym";
				ENABLE_NS_ASSERTIONS = NO;
				ENABLE_STRICT_OBJC_MSGSEND = YES;
				ENABLE_USER_SCRIPT_SANDBOXING = YES;
				GCC_C_LANGUAGE_STANDARD = gnu17;
				GCC_NO_COMMON_BLOCKS = YES;
				GCC_WARN_64_TO_32_BIT_CONVERSION = YES;
				GCC_WARN_ABOUT_RETURN_TYPE = YES_ERROR;
				GCC_WARN_UNDECLARED_SELECTOR = YES;
				GCC_WARN_UNINITIALIZED_AUTOS = YES_AGGRESSIVE;
				GCC_WARN_UNUSED_FUNCTION = YES;
				GCC_WARN_UNUSED_VARIABLE = YES;
				IPHONEOS_DEPLOYMENT_TARGET = 17.0;
				LOCALIZATION_PREFERS_STRING_CATALOGS = YES;
				MTL_ENABLE_DEBUG_INFO = NO;
				MTL_FAST_MATH = YES;
				SDKROOT = iphoneos;
				SWIFT_COMPILATION_MODE = wholemodule;
				VALIDATE_PRODUCT = YES;
			};
			name = Release;
		};
		C3D955342AE0C80D0000E766 /* Debug */ = {
			isa = XCBuildConfiguration;
			buildSettings = {
				ASSETCATALOG_COMPILER_APPICON_NAME = AppIcon;
				ASSETCATALOG_COMPILER_GLOBAL_ACCENT_COLOR_NAME = AccentColor;
				CODE_SIGN_STYLE = Automatic;
				CURRENT_PROJECT_VERSION = 1;
				DEVELOPMENT_ASSET_PATHS = "\"swiftui-9/Preview Content\"";
				DEVELOPMENT_TEAM = Q59F3FQQ2T;
				ENABLE_PREVIEWS = YES;
				GENERATE_INFOPLIST_FILE = YES;
				INFOPLIST_KEY_UIApplicationSceneManifest_Generation = YES;
				INFOPLIST_KEY_UIApplicationSupportsIndirectInputEvents = YES;
				INFOPLIST_KEY_UILaunchScreen_Generation = YES;
				INFOPLIST_KEY_UISupportedInterfaceOrientations_iPad = "UIInterfaceOrientationPortrait UIInterfaceOrientationPortraitUpsideDown UIInterfaceOrientationLandscapeLeft UIInterfaceOrientationLandscapeRight";
				INFOPLIST_KEY_UISupportedInterfaceOrientations_iPhone = "UIInterfaceOrientationPortrait UIInterfaceOrientationLandscapeLeft UIInterfaceOrientationLandscapeRight";
				LD_RUNPATH_SEARCH_PATHS = (
					"$(inherited)",
					"@executable_path/Frameworks",
				);
				MARKETING_VERSION = 1.0;
				PRODUCT_BUNDLE_IDENTIFIER = "com.dillenhub.swiftui-9";
				PRODUCT_NAME = "$(TARGET_NAME)";
				SWIFT_EMIT_LOC_STRINGS = YES;
				SWIFT_VERSION = 5.0;
				TARGETED_DEVICE_FAMILY = "1,2";
			};
			name = Debug;
		};
		C3D955352AE0C80D0000E766 /* Release */ = {
			isa = XCBuildConfiguration;
			buildSettings = {
				ASSETCATALOG_COMPILER_APPICON_NAME = AppIcon;
				ASSETCATALOG_COMPILER_GLOBAL_ACCENT_COLOR_NAME = AccentColor;
				CODE_SIGN_STYLE = Automatic;
				CURRENT_PROJECT_VERSION = 1;
				DEVELOPMENT_ASSET_PATHS = "\"swiftui-9/Preview Content\"";
				DEVELOPMENT_TEAM = Q59F3FQQ2T;
				ENABLE_PREVIEWS = YES;
				GENERATE_INFOPLIST_FILE = YES;
				INFOPLIST_KEY_UIApplicationSceneManifest_Generation = YES;
				INFOPLIST_KEY_UIApplicationSupportsIndirectInputEvents = YES;
				INFOPLIST_KEY_UILaunchScreen_Generation = YES;
				INFOPLIST_KEY_UISupportedInterfaceOrientations_iPad = "UIInterfaceOrientationPortrait UIInterfaceOrientationPortraitUpsideDown UIInterfaceOrientationLandscapeLeft UIInterfaceOrientationLandscapeRight";
				INFOPLIST_KEY_UISupportedInterfaceOrientations_iPhone = "UIInterfaceOrientationPortrait UIInterfaceOrientationLandscapeLeft UIInterfaceOrientationLandscapeRight";
				LD_RUNPATH_SEARCH_PATHS = (
					"$(inherited)",
					"@executable_path/Frameworks",
				);
				MARKETING_VERSION = 1.0;
				PRODUCT_BUNDLE_IDENTIFIER = "com.dillenhub.swiftui-9";
				PRODUCT_NAME = "$(TARGET_NAME)";
				SWIFT_EMIT_LOC_STRINGS = YES;
				SWIFT_VERSION = 5.0;
				TARGETED_DEVICE_FAMILY = "1,2";
			};
			name = Release;
		};
		C3D955372AE0C80D0000E766 /* Debug */ = {
			isa = XCBuildConfiguration;
			buildSettings = {
				ALWAYS_EMBED_SWIFT_STANDARD_LIBRARIES = YES;
				BUNDLE_LOADER = "$(TEST_HOST)";
				CODE_SIGN_STYLE = Automatic;
				CURRENT_PROJECT_VERSION = 1;
				DEVELOPMENT_TEAM = Q59F3FQQ2T;
				GENERATE_INFOPLIST_FILE = YES;
				IPHONEOS_DEPLOYMENT_TARGET = 17.0;
				MARKETING_VERSION = 1.0;
				PRODUCT_BUNDLE_IDENTIFIER = "com.dillenhub.swiftui-9Tests";
				PRODUCT_NAME = "$(TARGET_NAME)";
				SWIFT_EMIT_LOC_STRINGS = NO;
				SWIFT_VERSION = 5.0;
				TARGETED_DEVICE_FAMILY = "1,2";
				TEST_HOST = "$(BUILT_PRODUCTS_DIR)/swiftui-9.app/$(BUNDLE_EXECUTABLE_FOLDER_PATH)/swiftui-9";
			};
			name = Debug;
		};
		C3D955382AE0C80D0000E766 /* Release */ = {
			isa = XCBuildConfiguration;
			buildSettings = {
				ALWAYS_EMBED_SWIFT_STANDARD_LIBRARIES = YES;
				BUNDLE_LOADER = "$(TEST_HOST)";
				CODE_SIGN_STYLE = Automatic;
				CURRENT_PROJECT_VERSION = 1;
				DEVELOPMENT_TEAM = Q59F3FQQ2T;
				GENERATE_INFOPLIST_FILE = YES;
				IPHONEOS_DEPLOYMENT_TARGET = 17.0;
				MARKETING_VERSION = 1.0;
				PRODUCT_BUNDLE_IDENTIFIER = "com.dillenhub.swiftui-9Tests";
				PRODUCT_NAME = "$(TARGET_NAME)";
				SWIFT_EMIT_LOC_STRINGS = NO;
				SWIFT_VERSION = 5.0;
				TARGETED_DEVICE_FAMILY = "1,2";
				TEST_HOST = "$(BUILT_PRODUCTS_DIR)/swiftui-9.app/$(BUNDLE_EXECUTABLE_FOLDER_PATH)/swiftui-9";
			};
			name = Release;
		};
		C3D9553A2AE0C80D0000E766 /* Debug */ = {
			isa = XCBuildConfiguration;
			buildSettings = {
				ALWAYS_EMBED_SWIFT_STANDARD_LIBRARIES = YES;
				CODE_SIGN_STYLE = Automatic;
				CURRENT_PROJECT_VERSION = 1;
				DEVELOPMENT_TEAM = Q59F3FQQ2T;
				GENERATE_INFOPLIST_FILE = YES;
				MARKETING_VERSION = 1.0;
				PRODUCT_BUNDLE_IDENTIFIER = "com.dillenhub.swiftui-9UITests";
				PRODUCT_NAME = "$(TARGET_NAME)";
				SWIFT_EMIT_LOC_STRINGS = NO;
				SWIFT_VERSION = 5.0;
				TARGETED_DEVICE_FAMILY = "1,2";
				TEST_TARGET_NAME = "swiftui-9";
			};
			name = Debug;
		};
		C3D9553B2AE0C80D0000E766 /* Release */ = {
			isa = XCBuildConfiguration;
			buildSettings = {
				ALWAYS_EMBED_SWIFT_STANDARD_LIBRARIES = YES;
				CODE_SIGN_STYLE = Automatic;
				CURRENT_PROJECT_VERSION = 1;
				DEVELOPMENT_TEAM = Q59F3FQQ2T;
				GENERATE_INFOPLIST_FILE = YES;
				MARKETING_VERSION = 1.0;
				PRODUCT_BUNDLE_IDENTIFIER = "com.dillenhub.swiftui-9UITests";
				PRODUCT_NAME = "$(TARGET_NAME)";
				SWIFT_EMIT_LOC_STRINGS = NO;
				SWIFT_VERSION = 5.0;
				TARGETED_DEVICE_FAMILY = "1,2";
				TEST_TARGET_NAME = "swiftui-9";
			};
			name = Release;
		};
/* End XCBuildConfiguration section */

/* Begin XCConfigurationList section */
		C3D9550A2AE0C80C0000E766 /* Build configuration list for PBXProject "swiftui-9" */ = {
			isa = XCConfigurationList;
			buildConfigurations = (
				C3D955312AE0C80D0000E766 /* Debug */,
				C3D955322AE0C80D0000E766 /* Release */,
			);
			defaultConfigurationIsVisible = 0;
			defaultConfigurationName = Release;
		};
		C3D955332AE0C80D0000E766 /* Build configuration list for PBXNativeTarget "swiftui-9" */ = {
			isa = XCConfigurationList;
			buildConfigurations = (
				C3D955342AE0C80D0000E766 /* Debug */,
				C3D955352AE0C80D0000E766 /* Release */,
			);
			defaultConfigurationIsVisible = 0;
			defaultConfigurationName = Release;
		};
		C3D955362AE0C80D0000E766 /* Build configuration list for PBXNativeTarget "swiftui-9Tests" */ = {
			isa = XCConfigurationList;
			buildConfigurations = (
				C3D955372AE0C80D0000E766 /* Debug */,
				C3D955382AE0C80D0000E766 /* Release */,
			);
			defaultConfigurationIsVisible = 0;
			defaultConfigurationName = Release;
		};
		C3D955392AE0C80D0000E766 /* Build configuration list for PBXNativeTarget "swiftui-9UITests" */ = {
			isa = XCConfigurationList;
			buildConfigurations = (
				C3D9553A2AE0C80D0000E766 /* Debug */,
				C3D9553B2AE0C80D0000E766 /* Release */,
			);
			defaultConfigurationIsVisible = 0;
			defaultConfigurationName = Release;
		};
/* End XCConfigurationList section */
	};
	rootObject = C3D955072AE0C80C0000E766 /* Project object */;
}
